
Microsoft Visual Studio Solution File, Format Version 12.00
# Visual Studio 15
VisualStudioVersion = 15.0.26730.10
MinimumVisualStudioVersion = 15.0.26730.10
Project("{9A19103F-16F7-4668-BE54-9A1E7A4F7556}") = "Tests", "Tests\Tests.csproj", "{3ECB8653-5EE6-46AF-8BF3-35E2473A1A92}"
EndProject
Project("{9A19103F-16F7-4668-BE54-9A1E7A4F7556}") = "FluentDateTime", "FluentDateTime\FluentDateTime.csproj", "{D31AB307-F3A1-4F77-AC42-7077D822ED72}"
EndProject
Project("{2150E333-8FDC-42A3-9474-1A3956D46DE8}") = "Solution Items", "Solution Items", "{49B67E42-759A-42D6-B671-4A518EDCDF34}"
	ProjectSection(SolutionItems) = preProject
		Directory.Build.props = Directory.Build.props
	EndProjectSection
EndProject
Global
	GlobalSection(SolutionConfigurationPlatforms) = preSolution
		Debug|Any CPU = Debug|Any CPU
		Debug|Mixed Platforms = Debug|Mixed Platforms
		Debug|x86 = Debug|x86
		Release|Any CPU = Release|Any CPU
		Release|Mixed Platforms = Release|Mixed Platforms
		Release|x86 = Release|x86
	EndGlobalSection
	GlobalSection(ProjectConfigurationPlatforms) = postSolution
		{3ECB8653-5EE6-46AF-8BF3-35E2473A1A92}.Debug|Any CPU.ActiveCfg = Debug|Any CPU
		{3ECB8653-5EE6-46AF-8BF3-35E2473A1A92}.Debug|Any CPU.Build.0 = Debug|Any CPU
		{3ECB8653-5EE6-46AF-8BF3-35E2473A1A92}.Debug|Mixed Platforms.ActiveCfg = Debug|Any CPU
		{3ECB8653-5EE6-46AF-8BF3-35E2473A1A92}.Debug|Mixed Platforms.Build.0 = Debug|Any CPU
		{3ECB8653-5EE6-46AF-8BF3-35E2473A1A92}.Debug|x86.ActiveCfg = Debug|Any CPU
		{3ECB8653-5EE6-46AF-8BF3-35E2473A1A92}.Release|Any CPU.ActiveCfg = Release|Any CPU
		{3ECB8653-5EE6-46AF-8BF3-35E2473A1A92}.Release|Any CPU.Build.0 = Release|Any CPU
		{3ECB8653-5EE6-46AF-8BF3-35E2473A1A92}.Release|Mixed Platforms.ActiveCfg = Release|Any CPU
		{3ECB8653-5EE6-46AF-8BF3-35E2473A1A92}.Release|Mixed Platforms.Build.0 = Release|Any CPU
		{3ECB8653-5EE6-46AF-8BF3-35E2473A1A92}.Release|x86.ActiveCfg = Release|Any CPU
		{D31AB307-F3A1-4F77-AC42-7077D822ED72}.Debug|Any CPU.ActiveCfg = Debug|Any CPU
		{D31AB307-F3A1-4F77-AC42-7077D822ED72}.Debug|Any CPU.Build.0 = Debug|Any CPU
		{D31AB307-F3A1-4F77-AC42-7077D822ED72}.Debug|Mixed Platforms.ActiveCfg = Debug|Any CPU
		{D31AB307-F3A1-4F77-AC42-7077D822ED72}.Debug|Mixed Platforms.Build.0 = Debug|Any CPU
		{D31AB307-F3A1-4F77-AC42-7077D822ED72}.Debug|x86.ActiveCfg = Debug|Any CPU
		{D31AB307-F3A1-4F77-AC42-7077D822ED72}.Debug|x86.Build.0 = Debug|Any CPU
		{D31AB307-F3A1-4F77-AC42-7077D822ED72}.Release|Any CPU.ActiveCfg = Release|Any CPU
		{D31AB307-F3A1-4F77-AC42-7077D822ED72}.Release|Any CPU.Build.0 = Release|Any CPU
		{D31AB307-F3A1-4F77-AC42-7077D822ED72}.Release|Mixed Platforms.ActiveCfg = Release|Any CPU
		{D31AB307-F3A1-4F77-AC42-7077D822ED72}.Release|Mixed Platforms.Build.0 = Release|Any CPU
		{D31AB307-F3A1-4F77-AC42-7077D822ED72}.Release|x86.ActiveCfg = Release|Any CPU
		{D31AB307-F3A1-4F77-AC42-7077D822ED72}.Release|x86.Build.0 = Release|Any CPU
	EndGlobalSection
	GlobalSection(SolutionProperties) = preSolution
		HideSolutionNode = FALSE
	EndGlobalSection
	GlobalSection(ExtensibilityGlobals) = postSolution
		SolutionGuid = {760A050D-CBB3-446F-9BC9-4484C9A51A5B}
	EndGlobalSection
EndGlobal
