<Solution>
  <Folder Name="/Solution Items/">
    <File Path="appveyor.yml" />
    <File Path="Directory.Build.props" />
    <File Path="Directory.Packages.props" />
    <File Path="global.json" />
  </Folder>
  <Project Path="FluentDateTime/FluentDateTime.csproj" />
  <Project Path="Tests/Tests.csproj" />
</Solution>
